
Microsoft Visual Studio Solution File, Format Version 12.00
# Visual Studio Version 17
VisualStudioVersion = 17.0.32112.339
MinimumVisualStudioVersion = 10.0.40219.1
Project("{2150E333-8FDC-42A3-9474-1A3956D46DE8}") = "Dominio", "Dominio", "{68EA9CFC-482B-4FFF-A44F-60E03A4E46B3}"
EndProject
Project("{2150E333-8FDC-42A3-9474-1A3956D46DE8}") = "Aplicacao", "Aplicacao", "{7B3D8221-B1B3-4E0B-A79D-3D1077845D95}"
EndProject
Project("{9A19103F-16F7-4668-BE54-9A1E7A4F7556}") = "ControleAcesso.Domain", "ControleAcesso\ControleAcesso.Domain.csproj", "{AF657985-1C73-4A80-849B-2794033F8EDF}"
EndProject
Project("{FAE04EC0-301F-11D3-BF4B-00C04F79EFBC}") = "ControleAcesso.API", "ControleAcesso.API\ControleAcesso.API.csproj", "{ACD99C31-0AB5-4F5F-9DDB-6160E4330896}"
EndProject
Global
	GlobalSection(SolutionConfigurationPlatforms) = preSolution
		Debug|Any CPU = Debug|Any CPU
		Release|Any CPU = Release|Any CPU
	EndGlobalSection
	GlobalSection(ProjectConfigurationPlatforms) = postSolution
		{AF657985-1C73-4A80-849B-2794033F8EDF}.Debug|Any CPU.ActiveCfg = Debug|Any CPU
		{AF657985-1C73-4A80-849B-2794033F8EDF}.Debug|Any CPU.Build.0 = Debug|Any CPU
		{AF657985-1C73-4A80-849B-2794033F8EDF}.Release|Any CPU.ActiveCfg = Release|Any CPU
		{AF657985-1C73-4A80-849B-2794033F8EDF}.Release|Any CPU.Build.0 = Release|Any CPU
		{ACD99C31-0AB5-4F5F-9DDB-6160E4330896}.Debug|Any CPU.ActiveCfg = Debug|Any CPU
		{ACD99C31-0AB5-4F5F-9DDB-6160E4330896}.Debug|Any CPU.Build.0 = Debug|Any CPU
		{ACD99C31-0AB5-4F5F-9DDB-6160E4330896}.Release|Any CPU.ActiveCfg = Release|Any CPU
		{ACD99C31-0AB5-4F5F-9DDB-6160E4330896}.Release|Any CPU.Build.0 = Release|Any CPU
	EndGlobalSection
	GlobalSection(SolutionProperties) = preSolution
		HideSolutionNode = FALSE
	EndGlobalSection
	GlobalSection(NestedProjects) = preSolution
		{AF657985-1C73-4A80-849B-2794033F8EDF} = {68EA9CFC-482B-4FFF-A44F-60E03A4E46B3}
		{ACD99C31-0AB5-4F5F-9DDB-6160E4330896} = {7B3D8221-B1B3-4E0B-A79D-3D1077845D95}
	EndGlobalSection
	GlobalSection(ExtensibilityGlobals) = postSolution
		SolutionGuid = {7DA3BB22-8B8F-4C49-B880-85D3403DFDA4}
	EndGlobalSection
EndGlobal
